
Microsoft Visual Studio Solution File, Format Version 12.00
# Visual Studio Version 17
VisualStudioVersion = 17.9.34714.143
MinimumVisualStudioVersion = 10.0.40219.1
Project("{FAE04EC0-301F-11D3-BF4B-00C04F79EFBC}") = "Funcionario", "Funcionario.csproj", "{835C401D-ADFF-4154-9104-D5EFEB44D760}"
EndProject
Global
	GlobalSection(SolutionConfigurationPlatforms) = preSolution
		Debug|Any CPU = Debug|Any CPU
		Release|Any CPU = Release|Any CPU
	EndGlobalSection
	GlobalSection(ProjectConfigurationPlatforms) = postSolution
		{835C401D-ADFF-4154-9104-D5EFEB44D760}.Debug|Any CPU.ActiveCfg = Debug|Any CPU
		{835C401D-ADFF-4154-9104-D5EFEB44D760}.Debug|Any CPU.Build.0 = Debug|Any CPU
		{835C401D-ADFF-4154-9104-D5EFEB44D760}.Release|Any CPU.ActiveCfg = Release|Any CPU
		{835C401D-ADFF-4154-9104-D5EFEB44D760}.Release|Any CPU.Build.0 = Release|Any CPU
	EndGlobalSection
	GlobalSection(SolutionProperties) = preSolution
		HideSolutionNode = FALSE
	EndGlobalSection
	GlobalSection(ExtensibilityGlobals) = postSolution
		SolutionGuid = {FE162592-81BD-4930-AD49-DE09BCBAE95F}
	EndGlobalSection
EndGlobal
